
Microsoft Visual Studio Solution File, Format Version 11.00
# Visual Studio 2010
Project("{FAE04EC0-301F-11D3-BF4B-00C04F79EFBC}") = "Unity.2D.Sprite.Editor", "Unity.2D.Sprite.Editor.csproj", "{3774e540-b0fc-4246-0c8e-969eed6aaecb}"
EndProject
Project("{FAE04EC0-301F-11D3-BF4B-00C04F79EFBC}") = "Unity.2D.Tilemap.Editor", "Unity.2D.Tilemap.Editor.csproj", "{78969e5e-9828-f573-af42-bd07242dd7d5}"
EndProject
Project("{FAE04EC0-301F-11D3-BF4B-00C04F79EFBC}") = "Unity.2D.Tilemap.EditorTests", "Unity.2D.Tilemap.EditorTests.csproj", "{e968474b-6905-ef3a-aaa2-9b0c94253438}"
EndProject
Project("{FAE04EC0-301F-11D3-BF4B-00C04F79EFBC}") = "Unity.2D.Sprite.Package.EditorTests", "Unity.2D.Sprite.Package.EditorTests.csproj", "{18b70542-44a5-bf91-7d3e-ef0b314645f8}"
EndProject
Global
	GlobalSection(SolutionConfigurationPlatforms) = preSolution
		Debug|Any CPU = Debug|Any CPU
		Release|Any CPU = Release|Any CPU
	EndGlobalSection
	GlobalSection(ProjectConfigurationPlatforms) = postSolution
		{3774e540-b0fc-4246-0c8e-969eed6aaecb}.Debug|Any CPU.ActiveCfg = Debug|Any CPU
		{3774e540-b0fc-4246-0c8e-969eed6aaecb}.Debug|Any CPU.Build.0 = Debug|Any CPU
		{3774e540-b0fc-4246-0c8e-969eed6aaecb}.Release|Any CPU.ActiveCfg = Release|Any CPU
		{3774e540-b0fc-4246-0c8e-969eed6aaecb}.Release|Any CPU.Build.0 = Release|Any CPU
		{78969e5e-9828-f573-af42-bd07242dd7d5}.Debug|Any CPU.ActiveCfg = Debug|Any CPU
		{78969e5e-9828-f573-af42-bd07242dd7d5}.Debug|Any CPU.Build.0 = Debug|Any CPU
		{78969e5e-9828-f573-af42-bd07242dd7d5}.Release|Any CPU.ActiveCfg = Release|Any CPU
		{78969e5e-9828-f573-af42-bd07242dd7d5}.Release|Any CPU.Build.0 = Release|Any CPU
		{e968474b-6905-ef3a-aaa2-9b0c94253438}.Debug|Any CPU.ActiveCfg = Debug|Any CPU
		{e968474b-6905-ef3a-aaa2-9b0c94253438}.Debug|Any CPU.Build.0 = Debug|Any CPU
		{e968474b-6905-ef3a-aaa2-9b0c94253438}.Release|Any CPU.ActiveCfg = Release|Any CPU
		{e968474b-6905-ef3a-aaa2-9b0c94253438}.Release|Any CPU.Build.0 = Release|Any CPU
		{18b70542-44a5-bf91-7d3e-ef0b314645f8}.Debug|Any CPU.ActiveCfg = Debug|Any CPU
		{18b70542-44a5-bf91-7d3e-ef0b314645f8}.Debug|Any CPU.Build.0 = Debug|Any CPU
		{18b70542-44a5-bf91-7d3e-ef0b314645f8}.Release|Any CPU.ActiveCfg = Release|Any CPU
		{18b70542-44a5-bf91-7d3e-ef0b314645f8}.Release|Any CPU.Build.0 = Release|Any CPU
	EndGlobalSection
	GlobalSection(SolutionProperties) = preSolution
		HideSolutionNode = FALSE
	EndGlobalSection
EndGlobal
